Microsoft Visual Studio Solution File, Format Version 12.00
# Visual Studio 2012
Project("{FAE04EC0-301F-11D3-BF4B-00C04F79EFBC}") = "NeonRiftStage1", "NeonRiftStage1.csproj", "{AEDB31A8-6240-4349-9C5E-FE8935332E19}"
EndProject
Global
	GlobalSection(SolutionConfigurationPlatforms) = preSolution
	Debug|Any CPU = Debug|Any CPU
	ExportDebug|Any CPU = ExportDebug|Any CPU
	ExportRelease|Any CPU = ExportRelease|Any CPU
	EndGlobalSection
	GlobalSection(ProjectConfigurationPlatforms) = postSolution
		{AEDB31A8-6240-4349-9C5E-FE8935332E19}.Debug|Any CPU.ActiveCfg = Debug|Any CPU
		{AEDB31A8-6240-4349-9C5E-FE8935332E19}.Debug|Any CPU.Build.0 = Debug|Any CPU
		{AEDB31A8-6240-4349-9C5E-FE8935332E19}.ExportDebug|Any CPU.ActiveCfg = ExportDebug|Any CPU
		{AEDB31A8-6240-4349-9C5E-FE8935332E19}.ExportDebug|Any CPU.Build.0 = ExportDebug|Any CPU
		{AEDB31A8-6240-4349-9C5E-FE8935332E19}.ExportRelease|Any CPU.ActiveCfg = ExportRelease|Any CPU
		{AEDB31A8-6240-4349-9C5E-FE8935332E19}.ExportRelease|Any CPU.Build.0 = ExportRelease|Any CPU
	EndGlobalSection
EndGlobal
